
Microsoft Visual Studio Solution File, Format Version 12.00
# Visual Studio Version 17
VisualStudioVersion = 17.5.002.0
MinimumVisualStudioVersion = 10.0.40219.1
Project("{9A19103F-16F7-4668-BE54-9A1E7A4F7556}") = "DesafioFundamentos", "DesafioFundamentos\DesafioFundamentos.csproj", "{F7B98993-FA33-4B9E-B207-80582AAB690C}"
EndProject
Global
	GlobalSection(SolutionConfigurationPlatforms) = preSolution
		Debug|Any CPU = Debug|Any CPU
		Release|Any CPU = Release|Any CPU
	EndGlobalSection
	GlobalSection(ProjectConfigurationPlatforms) = postSolution
		{F7B98993-FA33-4B9E-B207-80582AAB690C}.Debug|Any CPU.ActiveCfg = Debug|Any CPU
		{F7B98993-FA33-4B9E-B207-80582AAB690C}.Debug|Any CPU.Build.0 = Debug|Any CPU
		{F7B98993-FA33-4B9E-B207-80582AAB690C}.Release|Any CPU.ActiveCfg = Release|Any CPU
		{F7B98993-FA33-4B9E-B207-80582AAB690C}.Release|Any CPU.Build.0 = Release|Any CPU
	EndGlobalSection
	GlobalSection(SolutionProperties) = preSolution
		HideSolutionNode = FALSE
	EndGlobalSection
	GlobalSection(ExtensibilityGlobals) = postSolution
		SolutionGuid = {757493CA-3801-4165-BCEF-616856AF19A4}
	EndGlobalSection
EndGlobal
